
Microsoft Visual Studio Solution File, Format Version 12.00
# Visual Studio Version 17
VisualStudioVersion = 17.3.32819.101
MinimumVisualStudioVersion = 10.0.40219.1
Project("{FAE04EC0-301F-11D3-BF4B-00C04F79EFBC}") = "ShoppingCart.API.Tests", "ShoppingCart.API.Tests\ShoppingCart.API.Tests.csproj", "{C3F47820-4850-4BCC-8D45-9D0F44BC828D}"
EndProject
Global
	GlobalSection(SolutionConfigurationPlatforms) = preSolution
		Debug|Any CPU = Debug|Any CPU
		Release|Any CPU = Release|Any CPU
	EndGlobalSection
	GlobalSection(ProjectConfigurationPlatforms) = postSolution
		{C3F47820-4850-4BCC-8D45-9D0F44BC828D}.Debug|Any CPU.ActiveCfg = Debug|Any CPU
		{C3F47820-4850-4BCC-8D45-9D0F44BC828D}.Debug|Any CPU.Build.0 = Debug|Any CPU
		{C3F47820-4850-4BCC-8D45-9D0F44BC828D}.Release|Any CPU.ActiveCfg = Release|Any CPU
		{C3F47820-4850-4BCC-8D45-9D0F44BC828D}.Release|Any CPU.Build.0 = Release|Any CPU
	EndGlobalSection
	GlobalSection(SolutionProperties) = preSolution
		HideSolutionNode = FALSE
	EndGlobalSection
	GlobalSection(ExtensibilityGlobals) = postSolution
		SolutionGuid = {146A519E-3DE1-4291-9C62-6A0CD72F6FC0}
	EndGlobalSection
EndGlobal
